
Microsoft Visual Studio Solution File, Format Version 12.00
# Visual Studio Version 17
VisualStudioVersion = 17.0.32126.317
MinimumVisualStudioVersion = 10.0.40219.1
Project("{FAE04EC0-301F-11D3-BF4B-00C04F79EFBC}") = "WorkoutPlannerWebApp", "WorkoutPlannerWebApp.csproj", "{C7441C9B-B593-4809-B035-C2F608E3B57D}"
EndProject
Global
	GlobalSection(SolutionConfigurationPlatforms) = preSolution
		Debug|Any CPU = Debug|Any CPU
		Release|Any CPU = Release|Any CPU
	EndGlobalSection
	GlobalSection(ProjectConfigurationPlatforms) = postSolution
		{C7441C9B-B593-4809-B035-C2F608E3B57D}.Debug|Any CPU.ActiveCfg = Debug|Any CPU
		{C7441C9B-B593-4809-B035-C2F608E3B57D}.Debug|Any CPU.Build.0 = Debug|Any CPU
		{C7441C9B-B593-4809-B035-C2F608E3B57D}.Release|Any CPU.ActiveCfg = Release|Any CPU
		{C7441C9B-B593-4809-B035-C2F608E3B57D}.Release|Any CPU.Build.0 = Release|Any CPU
	EndGlobalSection
	GlobalSection(SolutionProperties) = preSolution
		HideSolutionNode = FALSE
	EndGlobalSection
	GlobalSection(ExtensibilityGlobals) = postSolution
		SolutionGuid = {A62625B1-4708-46E2-9EDA-0B29AC7EFAB3}
	EndGlobalSection
EndGlobal
